
Microsoft Visual Studio Solution File, Format Version 12.00
# Visual Studio Version 17
VisualStudioVersion = 17.4.33103.184
MinimumVisualStudioVersion = 10.0.40219.1
Project("{FAE04EC0-301F-11D3-BF4B-00C04F79EFBC}") = "ProjetoMVC", "ProjetoMVC\ProjetoMVC.csproj", "{3CB08029-026A-41D8-8CB6-5D0307F98C6A}"
EndProject
Global
	GlobalSection(SolutionConfigurationPlatforms) = preSolution
		Debug|Any CPU = Debug|Any CPU
		Release|Any CPU = Release|Any CPU
	EndGlobalSection
	GlobalSection(ProjectConfigurationPlatforms) = postSolution
		{3CB08029-026A-41D8-8CB6-5D0307F98C6A}.Debug|Any CPU.ActiveCfg = Debug|Any CPU
		{3CB08029-026A-41D8-8CB6-5D0307F98C6A}.Debug|Any CPU.Build.0 = Debug|Any CPU
		{3CB08029-026A-41D8-8CB6-5D0307F98C6A}.Release|Any CPU.ActiveCfg = Release|Any CPU
		{3CB08029-026A-41D8-8CB6-5D0307F98C6A}.Release|Any CPU.Build.0 = Release|Any CPU
	EndGlobalSection
	GlobalSection(SolutionProperties) = preSolution
		HideSolutionNode = FALSE
	EndGlobalSection
	GlobalSection(ExtensibilityGlobals) = postSolution
		SolutionGuid = {A343C977-EF18-4482-BE08-199490D96BBA}
	EndGlobalSection
EndGlobal
